
Microsoft Visual Studio Solution File, Format Version 12.00
# Visual Studio 15
VisualStudioVersion = 15.0.28307.1259
MinimumVisualStudioVersion = 10.0.40219.1
Project("{8BC9CEB8-8B4A-11D0-8D11-00A0C91BC942}") = "ECL", "ECL\ECL.vcxproj", "{6B1ADC18-4A14-403A-AA87-C4245151AB32}"
EndProject
Global
	GlobalSection(SolutionConfigurationPlatforms) = preSolution
		Debug|x64 = Debug|x64
		Debug|x86 = Debug|x86
		Debug2007|x64 = Debug2007|x64
		Debug2007|x86 = Debug2007|x86
		Debug2008-64|x64 = Debug2008-64|x64
		Debug2008-64|x86 = Debug2008-64|x86
		Debug2010|x64 = Debug2010|x64
		Debug2010|x86 = Debug2010|x86
		Debug2010-64|x64 = Debug2010-64|x64
		Debug2010-64|x86 = Debug2010-64|x86
		Release|x64 = Release|x64
		Release|x86 = Release|x86
		Release2007|x64 = Release2007|x64
		Release2007|x86 = Release2007|x86
		Release2008-64|x64 = Release2008-64|x64
		Release2008-64|x86 = Release2008-64|x86
		Release2010|x64 = Release2010|x64
		Release2010|x86 = Release2010|x86
		Release2010-64|x64 = Release2010-64|x64
		Release2010-64|x86 = Release2010-64|x86
	EndGlobalSection
	GlobalSection(ProjectConfigurationPlatforms) = postSolution
		{6B1ADC18-4A14-403A-AA87-C4245151AB32}.Debug|x64.ActiveCfg = Debug|x64
		{6B1ADC18-4A14-403A-AA87-C4245151AB32}.Debug|x64.Build.0 = Debug|x64
		{6B1ADC18-4A14-403A-AA87-C4245151AB32}.Debug|x86.ActiveCfg = Debug|x64
		{6B1ADC18-4A14-403A-AA87-C4245151AB32}.Debug|x86.Build.0 = Debug|x64
		{6B1ADC18-4A14-403A-AA87-C4245151AB32}.Debug2007|x64.ActiveCfg = Debug|x64
		{6B1ADC18-4A14-403A-AA87-C4245151AB32}.Debug2007|x64.Build.0 = Debug|x64
		{6B1ADC18-4A14-403A-AA87-C4245151AB32}.Debug2007|x86.ActiveCfg = Debug|Win32
		{6B1ADC18-4A14-403A-AA87-C4245151AB32}.Debug2007|x86.Build.0 = Debug|Win32
		{6B1ADC18-4A14-403A-AA87-C4245151AB32}.Debug2008-64|x64.ActiveCfg = Debug|x64
		{6B1ADC18-4A14-403A-AA87-C4245151AB32}.Debug2008-64|x64.Build.0 = Debug|x64
		{6B1ADC18-4A14-403A-AA87-C4245151AB32}.Debug2008-64|x86.ActiveCfg = Debug|Win32
		{6B1ADC18-4A14-403A-AA87-C4245151AB32}.Debug2008-64|x86.Build.0 = Debug|Win32
		{6B1ADC18-4A14-403A-AA87-C4245151AB32}.Debug2010|x64.ActiveCfg = Debug|x64
		{6B1ADC18-4A14-403A-AA87-C4245151AB32}.Debug2010|x64.Build.0 = Debug|x64
		{6B1ADC18-4A14-403A-AA87-C4245151AB32}.Debug2010|x86.ActiveCfg = Debug|Win32
		{6B1ADC18-4A14-403A-AA87-C4245151AB32}.Debug2010|x86.Build.0 = Debug|Win32
		{6B1ADC18-4A14-403A-AA87-C4245151AB32}.Debug2010-64|x64.ActiveCfg = Debug|x64
		{6B1ADC18-4A14-403A-AA87-C4245151AB32}.Debug2010-64|x64.Build.0 = Debug|x64
		{6B1ADC18-4A14-403A-AA87-C4245151AB32}.Debug2010-64|x86.ActiveCfg = Debug|Win32
		{6B1ADC18-4A14-403A-AA87-C4245151AB32}.Debug2010-64|x86.Build.0 = Debug|Win32
		{6B1ADC18-4A14-403A-AA87-C4245151AB32}.Release|x64.ActiveCfg = Release|x64
		{6B1ADC18-4A14-403A-AA87-C4245151AB32}.Release|x64.Build.0 = Release|x64
		{6B1ADC18-4A14-403A-AA87-C4245151AB32}.Release|x86.ActiveCfg = Debug|x64
		{6B1ADC18-4A14-403A-AA87-C4245151AB32}.Release|x86.Build.0 = Debug|x64
		{6B1ADC18-4A14-403A-AA87-C4245151AB32}.Release2007|x64.ActiveCfg = Release|x64
		{6B1ADC18-4A14-403A-AA87-C4245151AB32}.Release2007|x64.Build.0 = Release|x64
		{6B1ADC18-4A14-403A-AA87-C4245151AB32}.Release2007|x86.ActiveCfg = Release|Win32
		{6B1ADC18-4A14-403A-AA87-C4245151AB32}.Release2007|x86.Build.0 = Release|Win32
		{6B1ADC18-4A14-403A-AA87-C4245151AB32}.Release2008-64|x64.ActiveCfg = Release|x64
		{6B1ADC18-4A14-403A-AA87-C4245151AB32}.Release2008-64|x64.Build.0 = Release|x64
		{6B1ADC18-4A14-403A-AA87-C4245151AB32}.Release2008-64|x86.ActiveCfg = Release|Win32
		{6B1ADC18-4A14-403A-AA87-C4245151AB32}.Release2008-64|x86.Build.0 = Release|Win32
		{6B1ADC18-4A14-403A-AA87-C4245151AB32}.Release2010|x64.ActiveCfg = Release|x64
		{6B1ADC18-4A14-403A-AA87-C4245151AB32}.Release2010|x64.Build.0 = Release|x64
		{6B1ADC18-4A14-403A-AA87-C4245151AB32}.Release2010|x86.ActiveCfg = Release|Win32
		{6B1ADC18-4A14-403A-AA87-C4245151AB32}.Release2010|x86.Build.0 = Release|Win32
		{6B1ADC18-4A14-403A-AA87-C4245151AB32}.Release2010-64|x64.ActiveCfg = Release|x64
		{6B1ADC18-4A14-403A-AA87-C4245151AB32}.Release2010-64|x64.Build.0 = Release|x64
		{6B1ADC18-4A14-403A-AA87-C4245151AB32}.Release2010-64|x86.ActiveCfg = Release|Win32
		{6B1ADC18-4A14-403A-AA87-C4245151AB32}.Release2010-64|x86.Build.0 = Release|Win32
	EndGlobalSection
	GlobalSection(SolutionProperties) = preSolution
		HideSolutionNode = FALSE
	EndGlobalSection
	GlobalSection(ExtensibilityGlobals) = postSolution
		SolutionGuid = {19B545F4-6889-4627-B8C2-16C1126BFECB}
	EndGlobalSection
EndGlobal
