<?xml version="1.0" encoding="utf-8"?>
<Project ToolsVersion="4.0" xmlns="http://schemas.microsoft.com/developer/msbuild/2003">
  <ItemGroup>
    <Filter Include="Source Files">
      <UniqueIdentifier>{4FC737F1-C7A5-4376-A066-2A32D752A2FF}</UniqueIdentifier>
      <Extensions>cpp;c;cc;cxx;def;odl;idl;hpj;bat;asm;asmx</Extensions>
    </Filter>
    <Filter Include="Header Files">
      <UniqueIdentifier>{93995380-89BD-4b04-88EB-625FBE52EBFB}</UniqueIdentifier>
      <Extensions>h;hh;hpp;hxx;hm;inl;inc;ipp;xsd</Extensions>
    </Filter>
    <Filter Include="Resource Files">
      <UniqueIdentifier>{67DA6AB6-F800-4c08-8B7A-83BB121AAD01}</UniqueIdentifier>
      <Extensions>rc;ico;cur;bmp;dlg;rc2;rct;bin;rgs;gif;jpg;jpeg;jpe;resx;tiff;tif;png;wav;mfcribbon-ms</Extensions>
    </Filter>
  </ItemGroup>
  <ItemGroup>
    <None Include="gmp\mpn\amd64i\amd64i.inc">
      <Filter>Header Files</Filter>
    </None>
    <None Include="gmp\mpn\amd64i\aors_n.asm">
      <Filter>Source Files</Filter>
    </None>
    <None Include="gmp\mpn\amd64i\aorsmul_1.asm">
      <Filter>Source Files</Filter>
    </None>
    <None Include="gmp\mpn\amd64i\copyd.asm">
      <Filter>Source Files</Filter>
    </None>
    <None Include="gmp\mpn\amd64i\copyi.asm">
      <Filter>Source Files</Filter>
    </None>
    <None Include="gmp\mpn\amd64i\dive_1.asm">
      <Filter>Source Files</Filter>
    </None>
    <None Include="gmp\mpn\amd64i\lshift.asm">
      <Filter>Source Files</Filter>
    </None>
    <None Include="gmp\mpn\amd64i\mode1o.asm">
      <Filter>Source Files</Filter>
    </None>
    <None Include="gmp\mpn\amd64i\mul_1.asm">
      <Filter>Source Files</Filter>
    </None>
    <None Include="gmp\mpn\amd64i\mul_basecase.asm">
      <Filter>Source Files</Filter>
    </None>
    <None Include="gmp\mpn\amd64i\rshift.asm">
      <Filter>Source Files</Filter>
    </None>
    <None Include="gmp\mpn\amd64i\sqr_basecase.asm">
      <Filter>Source Files</Filter>
    </None>
    <None Include="gmp\mpn\x86i\p6\mmx\divrem_1.asm">
      <Filter>Source Files</Filter>
    </None>
    <None Include="gmp\mpn\x86i\p6\mmx\lshift.asm">
      <Filter>Source Files</Filter>
    </None>
    <None Include="gmp\mpn\x86i\p6\mmx\popham.asm">
      <Filter>Source Files</Filter>
    </None>
    <None Include="gmp\mpn\x86i\p6\mmx\rshift.asm">
      <Filter>Source Files</Filter>
    </None>
    <None Include="gmp\mpn\x86i\p6\p3mmx\popham.asm">
      <Filter>Source Files</Filter>
    </None>
    <None Include="gmp\mpn\x86i\p6\aorsmul_1.asm">
      <Filter>Source Files</Filter>
    </None>
    <None Include="gmp\mpn\x86i\p6\copyd.asm">
      <Filter>Source Files</Filter>
    </None>
    <None Include="gmp\mpn\x86i\p6\dive_1.asm">
      <Filter>Source Files</Filter>
    </None>
    <None Include="gmp\mpn\x86i\p6\diveby3.asm">
      <Filter>Source Files</Filter>
    </None>
    <None Include="gmp\mpn\x86i\p6\mod_1.asm">
      <Filter>Source Files</Filter>
    </None>
    <None Include="gmp\mpn\x86i\p6\mode1o.asm">
      <Filter>Source Files</Filter>
    </None>
    <None Include="gmp\mpn\x86i\p6\sqr_basecase.asm">
      <Filter>Source Files</Filter>
    </None>
    <None Include="gmp\mpn\x86i\p6\sqr_basecase.old.asm">
      <Filter>Source Files</Filter>
    </None>
    <None Include="gmp\mpn\x86i\pentium4\mmx\lshift.asm">
      <Filter>Source Files</Filter>
    </None>
    <None Include="gmp\mpn\x86i\pentium4\mmx\popham.asm">
      <Filter>Source Files</Filter>
    </None>
    <None Include="gmp\mpn\x86i\pentium4\mmx\rshift.asm">
      <Filter>Source Files</Filter>
    </None>
    <None Include="gmp\mpn\x86i\pentium4\sse2\add_n.asm">
      <Filter>Source Files</Filter>
    </None>
    <None Include="gmp\mpn\x86i\pentium4\sse2\addmul_1.asm">
      <Filter>Source Files</Filter>
    </None>
    <None Include="gmp\mpn\x86i\pentium4\sse2\dive_1.asm">
      <Filter>Source Files</Filter>
    </None>
    <None Include="gmp\mpn\x86i\pentium4\sse2\diveby3.asm">
      <Filter>Source Files</Filter>
    </None>
    <None Include="gmp\mpn\x86i\pentium4\sse2\mod_34lsub1.asm">
      <Filter>Source Files</Filter>
    </None>
    <None Include="gmp\mpn\x86i\pentium4\sse2\mode1o.asm">
      <Filter>Source Files</Filter>
    </None>
    <None Include="gmp\mpn\x86i\pentium4\sse2\mul_1.asm">
      <Filter>Source Files</Filter>
    </None>
    <None Include="gmp\mpn\x86i\pentium4\sse2\mul_basecase.asm">
      <Filter>Source Files</Filter>
    </None>
    <None Include="gmp\mpn\x86i\pentium4\sse2\sqr_basecase.asm">
      <Filter>Source Files</Filter>
    </None>
    <None Include="gmp\mpn\x86i\pentium4\sse2\sub_n.asm">
      <Filter>Source Files</Filter>
    </None>
    <None Include="gmp\mpn\x86i\pentium4\sse2\submul_1.asm">
      <Filter>Source Files</Filter>
    </None>
    <None Include="gmp\mpn\x86i\pentium4\copyd.asm">
      <Filter>Source Files</Filter>
    </None>
    <None Include="gmp\mpn\x86i\pentium4\copyi.asm">
      <Filter>Source Files</Filter>
    </None>
    <None Include="gmp\mpn\x86i\aors_n.asm">
      <Filter>Source Files</Filter>
    </None>
    <None Include="gmp\mpn\x86i\aorsmul_1.asm">
      <Filter>Source Files</Filter>
    </None>
    <None Include="gmp\mpn\x86i\copyd.asm">
      <Filter>Source Files</Filter>
    </None>
    <None Include="gmp\mpn\x86i\copyi.asm">
      <Filter>Source Files</Filter>
    </None>
    <None Include="gmp\mpn\x86i\dive_1.asm">
      <Filter>Source Files</Filter>
    </None>
    <None Include="gmp\mpn\x86i\diveby3.asm">
      <Filter>Source Files</Filter>
    </None>
    <None Include="gmp\mpn\x86i\divrem_1.asm">
      <Filter>Source Files</Filter>
    </None>
    <None Include="gmp\mpn\x86i\lshift.asm">
      <Filter>Source Files</Filter>
    </None>
    <None Include="gmp\mpn\x86i\mod_1.asm">
      <Filter>Source Files</Filter>
    </None>
    <None Include="gmp\mpn\x86i\mod_34lsub1.asm">
      <Filter>Source Files</Filter>
    </None>
    <None Include="gmp\mpn\x86i\mul_1.asm">
      <Filter>Source Files</Filter>
    </None>
    <None Include="gmp\mpn\x86i\mul_basecase.asm">
      <Filter>Source Files</Filter>
    </None>
    <None Include="gmp\mpn\x86i\rshift.asm">
      <Filter>Source Files</Filter>
    </None>
    <None Include="gmp\mpn\x86i\udiv.asm">
      <Filter>Source Files</Filter>
    </None>
    <None Include="gmp\mpn\x86i\umul.asm">
      <Filter>Source Files</Filter>
    </None>
    <None Include="gmp\mpn\x86i\x86i.inc">
      <Filter>Header Files</Filter>
    </None>
    <None Include="ECL-Source.aps" />
    <None Include="c\threads\placeholder" />
    <None Include="c\Makefile" />
    <None Include="c\reader\placeholder" />
    <None Include="c\printer\placeholder" />
    <None Include="c\numbers\placeholder" />
    <None Include="c\ffi\placeholder" />
    <None Include="c\clos\placeholder" />
    <None Include="doc\Makefile" />
    <None Include="ecl\config.h.msvc6" />
    <None Include="ecl\config-internal.h.msvc6" />
    <None Include="gc\Makefile" />
  </ItemGroup>
  <ItemGroup>
    <ClCompile Include="gmp\build.vc8\gen-bases\gen-bases.c">
      <Filter>Source Files</Filter>
    </ClCompile>
    <ClCompile Include="gmp\build.vc8\gen-fac_ui\gen-fac_ui.c">
      <Filter>Source Files</Filter>
    </ClCompile>
    <ClCompile Include="gmp\build.vc8\gen-fib\gen-fib.c">
      <Filter>Source Files</Filter>
    </ClCompile>
    <ClCompile Include="gmp\build.vc8\gen-psqr\gen-psqr.c">
      <Filter>Source Files</Filter>
    </ClCompile>
    <ClCompile Include="gmp\build.vc8\getopt.c">
      <Filter>Source Files</Filter>
    </ClCompile>
    <ClCompile Include="gmp\build.vc8\popham.c">
      <Filter>Source Files</Filter>
    </ClCompile>
    <ClCompile Include="gmp\mpn\generic\addsub_n.c">
      <Filter>Source Files</Filter>
    </ClCompile>
    <ClCompile Include="gmp\mpn\generic\divrem_1.c">
      <Filter>Source Files</Filter>
    </ClCompile>
    <ClCompile Include="gmp\mpn\generic\divrem_2.c">
      <Filter>Source Files</Filter>
    </ClCompile>
    <ClCompile Include="gmp\mpn\generic\popham2.c">
      <Filter>Source Files</Filter>
    </ClCompile>
    <ClCompile Include="gmp\mpz\set_d.c">
      <Filter>Source Files</Filter>
    </ClCompile>
  </ItemGroup>
  <ItemGroup>
    <ClInclude Include="gmp\build.vc8\getopt.h">
      <Filter>Header Files</Filter>
    </ClInclude>
    <ClInclude Include="gmp\build.vc8\gmp.h">
      <Filter>Header Files</Filter>
    </ClInclude>
    <ClInclude Include="gmp\build.vc8\unistd.h">
      <Filter>Header Files</Filter>
    </ClInclude>
    <ClInclude Include="gmp\mpn\amd64i\gmp-mparam.h">
      <Filter>Header Files</Filter>
    </ClInclude>
    <ClInclude Include="gmp\mpn\x86i\gmp-mparam.h">
      <Filter>Header Files</Filter>
    </ClInclude>
    <ClInclude Include="resource.h">
      <Filter>Header Files</Filter>
    </ClInclude>
  </ItemGroup>
  <ItemGroup>
    <ResourceCompile Include="ECL-Source.rc">
      <Filter>Resource Files</Filter>
    </ResourceCompile>
  </ItemGroup>
</Project>